
Microsoft Visual Studio Solution File, Format Version 12.00
# Visual Studio Version 16
VisualStudioVersion = 16.0.30320.27
MinimumVisualStudioVersion = 10.0.40219.1
Project("{FAE04EC0-301F-11D3-BF4B-00C04F79EFBC}") = "G1ANT.Addon.Flipkart", "G1ANT.Addon.Flipkart.csproj", "{CA054C5D-0464-4586-83B6-4C1D19171282}"
EndProject
Global
	GlobalSection(SolutionConfigurationPlatforms) = preSolution
		Debug|Any CPU = Debug|Any CPU
		Release|Any CPU = Release|Any CPU
	EndGlobalSection
	GlobalSection(ProjectConfigurationPlatforms) = postSolution
		{CA054C5D-0464-4586-83B6-4C1D19171282}.Debug|Any CPU.ActiveCfg = Debug|Any CPU
		{CA054C5D-0464-4586-83B6-4C1D19171282}.Debug|Any CPU.Build.0 = Debug|Any CPU
		{CA054C5D-0464-4586-83B6-4C1D19171282}.Release|Any CPU.ActiveCfg = Release|Any CPU
		{CA054C5D-0464-4586-83B6-4C1D19171282}.Release|Any CPU.Build.0 = Release|Any CPU
	EndGlobalSection
	GlobalSection(SolutionProperties) = preSolution
		HideSolutionNode = FALSE
	EndGlobalSection
	GlobalSection(ExtensibilityGlobals) = postSolution
		SolutionGuid = {0D593488-31B2-466D-8DB4-AC0C7C30EAE2}
	EndGlobalSection
EndGlobal
