
Microsoft Visual Studio Solution File, Format Version 12.00
# Visual Studio Version 16
VisualStudioVersion = 16.0.30320.27
MinimumVisualStudioVersion = 10.0.40219.1
Project("{FAE04EC0-301F-11D3-BF4B-00C04F79EFBC}") = "G1ANT.Addon.rapido", "G1ANT.Addon.rapido.csproj", "{20FCFA95-D20F-4834-B165-97E79DD99646}"
EndProject
Global
	GlobalSection(SolutionConfigurationPlatforms) = preSolution
		Debug|Any CPU = Debug|Any CPU
		Release|Any CPU = Release|Any CPU
	EndGlobalSection
	GlobalSection(ProjectConfigurationPlatforms) = postSolution
		{20FCFA95-D20F-4834-B165-97E79DD99646}.Debug|Any CPU.ActiveCfg = Debug|Any CPU
		{20FCFA95-D20F-4834-B165-97E79DD99646}.Debug|Any CPU.Build.0 = Debug|Any CPU
		{20FCFA95-D20F-4834-B165-97E79DD99646}.Release|Any CPU.ActiveCfg = Release|Any CPU
		{20FCFA95-D20F-4834-B165-97E79DD99646}.Release|Any CPU.Build.0 = Release|Any CPU
	EndGlobalSection
	GlobalSection(SolutionProperties) = preSolution
		HideSolutionNode = FALSE
	EndGlobalSection
	GlobalSection(ExtensibilityGlobals) = postSolution
		SolutionGuid = {FADE58E9-739A-489A-AD0F-C792DA2115A1}
	EndGlobalSection
EndGlobal
