
Microsoft Visual Studio Solution File, Format Version 12.00
# Visual Studio Version 16
VisualStudioVersion = 16.0.30309.148
MinimumVisualStudioVersion = 10.0.40219.1
Project("{FAE04EC0-301F-11D3-BF4B-00C04F79EFBC}") = "G1ANT.Addon.snapchat", "G1ANT.Addon.snapchat.csproj", "{8681E730-0C73-4EE1-9870-FCAF55204F46}"
EndProject
Global
	GlobalSection(SolutionConfigurationPlatforms) = preSolution
		Debug|Any CPU = Debug|Any CPU
		Release|Any CPU = Release|Any CPU
	EndGlobalSection
	GlobalSection(ProjectConfigurationPlatforms) = postSolution
		{8681E730-0C73-4EE1-9870-FCAF55204F46}.Debug|Any CPU.ActiveCfg = Debug|Any CPU
		{8681E730-0C73-4EE1-9870-FCAF55204F46}.Debug|Any CPU.Build.0 = Debug|Any CPU
		{8681E730-0C73-4EE1-9870-FCAF55204F46}.Release|Any CPU.ActiveCfg = Release|Any CPU
		{8681E730-0C73-4EE1-9870-FCAF55204F46}.Release|Any CPU.Build.0 = Release|Any CPU
	EndGlobalSection
	GlobalSection(SolutionProperties) = preSolution
		HideSolutionNode = FALSE
	EndGlobalSection
	GlobalSection(ExtensibilityGlobals) = postSolution
		SolutionGuid = {371EB47E-C254-4DF1-93DE-2F8B079D3FA3}
	EndGlobalSection
EndGlobal
