
Microsoft Visual Studio Solution File, Format Version 12.00
# Visual Studio Version 16
VisualStudioVersion = 16.0.30320.27
MinimumVisualStudioVersion = 10.0.40219.1
Project("{FAE04EC0-301F-11D3-BF4B-00C04F79EFBC}") = "G1ANT.Addon.telegramweb", "G1ANT.Addon.telegramweb.csproj", "{2F087340-4DA6-452C-8C3D-51324BAB8126}"
EndProject
Global
	GlobalSection(SolutionConfigurationPlatforms) = preSolution
		Debug|Any CPU = Debug|Any CPU
		Release|Any CPU = Release|Any CPU
	EndGlobalSection
	GlobalSection(ProjectConfigurationPlatforms) = postSolution
		{2F087340-4DA6-452C-8C3D-51324BAB8126}.Debug|Any CPU.ActiveCfg = Debug|Any CPU
		{2F087340-4DA6-452C-8C3D-51324BAB8126}.Debug|Any CPU.Build.0 = Debug|Any CPU
		{2F087340-4DA6-452C-8C3D-51324BAB8126}.Release|Any CPU.ActiveCfg = Release|Any CPU
		{2F087340-4DA6-452C-8C3D-51324BAB8126}.Release|Any CPU.Build.0 = Release|Any CPU
	EndGlobalSection
	GlobalSection(SolutionProperties) = preSolution
		HideSolutionNode = FALSE
	EndGlobalSection
	GlobalSection(ExtensibilityGlobals) = postSolution
		SolutionGuid = {E8CAEBB7-0845-43B5-9DCB-92CD20CB61E0}
	EndGlobalSection
EndGlobal
