
Microsoft Visual Studio Solution File, Format Version 12.00
# Visual Studio Version 16
VisualStudioVersion = 16.0.30320.27
MinimumVisualStudioVersion = 10.0.40219.1
Project("{FAE04EC0-301F-11D3-BF4B-00C04F79EFBC}") = "G1ANT.Addon.viber", "G1ANT.Addon.viber.csproj", "{8CD78B11-8E95-4C4A-B98B-314DF92C7595}"
EndProject
Global
	GlobalSection(SolutionConfigurationPlatforms) = preSolution
		Debug|Any CPU = Debug|Any CPU
		Release|Any CPU = Release|Any CPU
	EndGlobalSection
	GlobalSection(ProjectConfigurationPlatforms) = postSolution
		{8CD78B11-8E95-4C4A-B98B-314DF92C7595}.Debug|Any CPU.ActiveCfg = Debug|Any CPU
		{8CD78B11-8E95-4C4A-B98B-314DF92C7595}.Debug|Any CPU.Build.0 = Debug|Any CPU
		{8CD78B11-8E95-4C4A-B98B-314DF92C7595}.Release|Any CPU.ActiveCfg = Release|Any CPU
		{8CD78B11-8E95-4C4A-B98B-314DF92C7595}.Release|Any CPU.Build.0 = Release|Any CPU
	EndGlobalSection
	GlobalSection(SolutionProperties) = preSolution
		HideSolutionNode = FALSE
	EndGlobalSection
	GlobalSection(ExtensibilityGlobals) = postSolution
		SolutionGuid = {B5EC31F8-EF87-48E0-AACF-1DD1E1C25C93}
	EndGlobalSection
EndGlobal
