
Microsoft Visual Studio Solution File, Format Version 12.00
# Visual Studio Version 16
VisualStudioVersion = 16.0.30225.117
MinimumVisualStudioVersion = 10.0.40219.1
Project("{FAE04EC0-301F-11D3-BF4B-00C04F79EFBC}") = "G1ANT.Addon.Whatsapp", "G1ANT.Addon.Whatsapp.csproj", "{6414FEB3-8B10-464C-9489-82E6710EA8F0}"
EndProject
Global
	GlobalSection(SolutionConfigurationPlatforms) = preSolution
		Debug|Any CPU = Debug|Any CPU
		Release|Any CPU = Release|Any CPU
	EndGlobalSection
	GlobalSection(ProjectConfigurationPlatforms) = postSolution
		{6414FEB3-8B10-464C-9489-82E6710EA8F0}.Debug|Any CPU.ActiveCfg = Debug|Any CPU
		{6414FEB3-8B10-464C-9489-82E6710EA8F0}.Debug|Any CPU.Build.0 = Debug|Any CPU
		{6414FEB3-8B10-464C-9489-82E6710EA8F0}.Release|Any CPU.ActiveCfg = Release|Any CPU
		{6414FEB3-8B10-464C-9489-82E6710EA8F0}.Release|Any CPU.Build.0 = Release|Any CPU
	EndGlobalSection
	GlobalSection(SolutionProperties) = preSolution
		HideSolutionNode = FALSE
	EndGlobalSection
	GlobalSection(ExtensibilityGlobals) = postSolution
		SolutionGuid = {263D0408-831B-4D78-AF87-BACD35FD7F7F}
	EndGlobalSection
EndGlobal
