
Microsoft Visual Studio Solution File, Format Version 12.00
# Visual Studio Version 16
VisualStudioVersion = 16.0.30320.27
MinimumVisualStudioVersion = 10.0.40219.1
Project("{FAE04EC0-301F-11D3-BF4B-00C04F79EFBC}") = "G1ANT.Addon.Yatra", "G1ANT.Addon.Yatra.csproj", "{7F7502BB-9CED-4551-9E07-08244EBA3FDF}"
EndProject
Global
	GlobalSection(SolutionConfigurationPlatforms) = preSolution
		Debug|Any CPU = Debug|Any CPU
		Release|Any CPU = Release|Any CPU
	EndGlobalSection
	GlobalSection(ProjectConfigurationPlatforms) = postSolution
		{7F7502BB-9CED-4551-9E07-08244EBA3FDF}.Debug|Any CPU.ActiveCfg = Debug|Any CPU
		{7F7502BB-9CED-4551-9E07-08244EBA3FDF}.Debug|Any CPU.Build.0 = Debug|Any CPU
		{7F7502BB-9CED-4551-9E07-08244EBA3FDF}.Release|Any CPU.ActiveCfg = Release|Any CPU
		{7F7502BB-9CED-4551-9E07-08244EBA3FDF}.Release|Any CPU.Build.0 = Release|Any CPU
	EndGlobalSection
	GlobalSection(SolutionProperties) = preSolution
		HideSolutionNode = FALSE
	EndGlobalSection
	GlobalSection(ExtensibilityGlobals) = postSolution
		SolutionGuid = {76FA2851-F229-4DA0-B741-24DFF0E8249D}
	EndGlobalSection
EndGlobal
